
Microsoft Visual Studio Solution File, Format Version 12.00
# Visual Studio 14
VisualStudioVersion = 14.0.25420.1
MinimumVisualStudioVersion = 10.0.40219.1
Project("{FAE04EC0-301F-11D3-BF4B-00C04F79EFBC}") = "Tajamar.UI", "Tajamar.UI\Tajamar.UI.csproj", "{9E098F38-DA42-4609-B150-7F7355E722B5}"
EndProject
Project("{FAE04EC0-301F-11D3-BF4B-00C04F79EFBC}") = "Tajamar.Datos", "Tajamar.Datos\Tajamar.Datos.csproj", "{A23E65E3-481B-4930-AEC5-920D5C2B7B99}"
EndProject
Project("{FAE04EC0-301F-11D3-BF4B-00C04F79EFBC}") = "Tajamar.Negocio", "Tajamar.Negocio\Tajamar.Negocio.csproj", "{51DAE9EE-5B50-4631-8349-BBE05D8D06FD}"
EndProject
Global
	GlobalSection(SolutionConfigurationPlatforms) = preSolution
		Debug|Any CPU = Debug|Any CPU
		Release|Any CPU = Release|Any CPU
	EndGlobalSection
	GlobalSection(ProjectConfigurationPlatforms) = postSolution
		{9E098F38-DA42-4609-B150-7F7355E722B5}.Debug|Any CPU.ActiveCfg = Debug|Any CPU
		{9E098F38-DA42-4609-B150-7F7355E722B5}.Debug|Any CPU.Build.0 = Debug|Any CPU
		{9E098F38-DA42-4609-B150-7F7355E722B5}.Release|Any CPU.ActiveCfg = Release|Any CPU
		{9E098F38-DA42-4609-B150-7F7355E722B5}.Release|Any CPU.Build.0 = Release|Any CPU
		{A23E65E3-481B-4930-AEC5-920D5C2B7B99}.Debug|Any CPU.ActiveCfg = Debug|Any CPU
		{A23E65E3-481B-4930-AEC5-920D5C2B7B99}.Debug|Any CPU.Build.0 = Debug|Any CPU
		{A23E65E3-481B-4930-AEC5-920D5C2B7B99}.Release|Any CPU.ActiveCfg = Release|Any CPU
		{A23E65E3-481B-4930-AEC5-920D5C2B7B99}.Release|Any CPU.Build.0 = Release|Any CPU
		{51DAE9EE-5B50-4631-8349-BBE05D8D06FD}.Debug|Any CPU.ActiveCfg = Debug|Any CPU
		{51DAE9EE-5B50-4631-8349-BBE05D8D06FD}.Debug|Any CPU.Build.0 = Debug|Any CPU
		{51DAE9EE-5B50-4631-8349-BBE05D8D06FD}.Release|Any CPU.ActiveCfg = Release|Any CPU
		{51DAE9EE-5B50-4631-8349-BBE05D8D06FD}.Release|Any CPU.Build.0 = Release|Any CPU
	EndGlobalSection
	GlobalSection(SolutionProperties) = preSolution
		HideSolutionNode = FALSE
	EndGlobalSection
EndGlobal
